
Microsoft Visual Studio Solution File, Format Version 12.00
# Visual Studio Version 17
VisualStudioVersion = 17.13.35919.96 d17.13
MinimumVisualStudioVersion = 10.0.40219.1
Project("{FAE04EC0-301F-11D3-BF4B-00C04F79EFBC}") = "AdvancedIf", "AdvancedIf\AdvancedIf.csproj", "{C744671D-2723-4B49-96F4-85BE13166241}"
EndProject
Global
	GlobalSection(SolutionConfigurationPlatforms) = preSolution
		Debug|Any CPU = Debug|Any CPU
		Release|Any CPU = Release|Any CPU
	EndGlobalSection
	GlobalSection(ProjectConfigurationPlatforms) = postSolution
		{C744671D-2723-4B49-96F4-85BE13166241}.Debug|Any CPU.ActiveCfg = Debug|Any CPU
		{C744671D-2723-4B49-96F4-85BE13166241}.Debug|Any CPU.Build.0 = Debug|Any CPU
		{C744671D-2723-4B49-96F4-85BE13166241}.Release|Any CPU.ActiveCfg = Release|Any CPU
		{C744671D-2723-4B49-96F4-85BE13166241}.Release|Any CPU.Build.0 = Release|Any CPU
	EndGlobalSection
	GlobalSection(SolutionProperties) = preSolution
		HideSolutionNode = FALSE
	EndGlobalSection
	GlobalSection(ExtensibilityGlobals) = postSolution
		SolutionGuid = {33C4E345-31D5-4141-B4D7-F44749CACBE7}
	EndGlobalSection
EndGlobal
